
Microsoft Visual Studio Solution File, Format Version 12.00
# Visual Studio Version 16
VisualStudioVersion = 16.0.30711.63
MinimumVisualStudioVersion = 10.0.40219.1
Project("{FAE04EC0-301F-11D3-BF4B-00C04F79EFBC}") = "Buoi4", "Buoi4\Buoi4.csproj", "{3A5B2258-D674-4C9D-AEF7-E94560239C6A}"
EndProject
Global
	GlobalSection(SolutionConfigurationPlatforms) = preSolution
		Debug|Any CPU = Debug|Any CPU
		Release|Any CPU = Release|Any CPU
	EndGlobalSection
	GlobalSection(ProjectConfigurationPlatforms) = postSolution
		{3A5B2258-D674-4C9D-AEF7-E94560239C6A}.Debug|Any CPU.ActiveCfg = Debug|Any CPU
		{3A5B2258-D674-4C9D-AEF7-E94560239C6A}.Debug|Any CPU.Build.0 = Debug|Any CPU
		{3A5B2258-D674-4C9D-AEF7-E94560239C6A}.Release|Any CPU.ActiveCfg = Release|Any CPU
		{3A5B2258-D674-4C9D-AEF7-E94560239C6A}.Release|Any CPU.Build.0 = Release|Any CPU
	EndGlobalSection
	GlobalSection(SolutionProperties) = preSolution
		HideSolutionNode = FALSE
	EndGlobalSection
	GlobalSection(ExtensibilityGlobals) = postSolution
		SolutionGuid = {037308CC-CDE6-4C2B-9C79-3280176DBB07}
	EndGlobalSection
EndGlobal
